// !$*UTF8*$!
{
	archiveVersion = 1;
	classes = {
	};
	objectVersion = 77;
	objects = {

/* Begin PBXBuildFile section */
		6F5261DF2E45B35A00E956DA /* Quick status: Expanded the ruleset to co in Resources */ = {isa = PBXBuildFile; fileRef = 6F5261DC2E45B35A00E956DA /* Quick status: Expanded the ruleset to co */; };
		6F5261E02E45B35A00E956DA /* ### Hyper-Meta Ruleset: Synthesizing Use.md in Resources */ = {isa = PBXBuildFile; fileRef = 6F5261D82E45B35A00E956DA /* ### Hyper-Meta Ruleset: Synthesizing Use.md */; };
		6F5261E12E45B35A00E956DA /* Quick status: Plugged in concrete citati in Resources */ = {isa = PBXBuildFile; fileRef = 6F5261DE2E45B35A00E956DA /* Quick status: Plugged in concrete citati */; };
		6F5261E22E45B35A00E956DA /* # A Hyper-Meta-Reconstruction: Synergizi.sty in Resources */ = {isa = PBXBuildFile; fileRef = 6F5261D72E45B35A00E956DA /* # A Hyper-Meta-Reconstruction: Synergizi.sty */; };
		6F5261E32E45B35A00E956DA /* IMO-2025-notes-evanchen.pdf in Resources */ = {isa = PBXBuildFile; fileRef = 6F5261DA2E45B35A00E956DA /* IMO-2025-notes-evanchen.pdf */; };
		6F5261E42E45B35A00E956DA /* imousa2025EC.pdf in Resources */ = {isa = PBXBuildFile; fileRef = 6F5261DB2E45B35A00E956DA /* imousa2025EC.pdf */; };
		6F5261E52E45B35A00E956DA /* Quick status: I replaced the placeholder.ini in Resources */ = {isa = PBXBuildFile; fileRef = 6F5261DD2E45B35A00E956DA /* Quick status: I replaced the placeholder.ini */; };
		6F5261E62E45B35A00E956DA /* cursor_upcoming_openai_livestream_event.md in Resources */ = {isa = PBXBuildFile; fileRef = 6F5261D92E45B35A00E956DA /* cursor_upcoming_openai_livestream_event.md */; };
		6F5261E72E45B35A00E956DA /* Quick status: Expanded the ruleset to co in Resources */ = {isa = PBXBuildFile; fileRef = 6F5261DC2E45B35A00E956DA /* Quick status: Expanded the ruleset to co */; };
		6F5261E82E45B35A00E956DA /* ### Hyper-Meta Ruleset: Synthesizing Use.md in Resources */ = {isa = PBXBuildFile; fileRef = 6F5261D82E45B35A00E956DA /* ### Hyper-Meta Ruleset: Synthesizing Use.md */; };
		6F5261E92E45B35A00E956DA /* Quick status: Plugged in concrete citati in Resources */ = {isa = PBXBuildFile; fileRef = 6F5261DE2E45B35A00E956DA /* Quick status: Plugged in concrete citati */; };
		6F5261EA2E45B35A00E956DA /* # A Hyper-Meta-Reconstruction: Synergizi.sty in Resources */ = {isa = PBXBuildFile; fileRef = 6F5261D72E45B35A00E956DA /* # A Hyper-Meta-Reconstruction: Synergizi.sty */; };
		6F5261EB2E45B35A00E956DA /* IMO-2025-notes-evanchen.pdf in Resources */ = {isa = PBXBuildFile; fileRef = 6F5261DA2E45B35A00E956DA /* IMO-2025-notes-evanchen.pdf */; };
		6F5261EC2E45B35A00E956DA /* imousa2025EC.pdf in Resources */ = {isa = PBXBuildFile; fileRef = 6F5261DB2E45B35A00E956DA /* imousa2025EC.pdf */; };
		6F5261ED2E45B35A00E956DA /* Quick status: I replaced the placeholder.ini in Resources */ = {isa = PBXBuildFile; fileRef = 6F5261DD2E45B35A00E956DA /* Quick status: I replaced the placeholder.ini */; };
		6F5261EE2E45B35A00E956DA /* cursor_upcoming_openai_livestream_event.md in Resources */ = {isa = PBXBuildFile; fileRef = 6F5261D92E45B35A00E956DA /* cursor_upcoming_openai_livestream_event.md */; };
		6F5261EF2E45B35A00E956DA /* Quick status: Expanded the ruleset to co in Resources */ = {isa = PBXBuildFile; fileRef = 6F5261DC2E45B35A00E956DA /* Quick status: Expanded the ruleset to co */; };
		6F5261F02E45B35A00E956DA /* ### Hyper-Meta Ruleset: Synthesizing Use.md in Resources */ = {isa = PBXBuildFile; fileRef = 6F5261D82E45B35A00E956DA /* ### Hyper-Meta Ruleset: Synthesizing Use.md */; };
		6F5261F12E45B35A00E956DA /* Quick status: Plugged in concrete citati in Resources */ = {isa = PBXBuildFile; fileRef = 6F5261DE2E45B35A00E956DA /* Quick status: Plugged in concrete citati */; };
		6F5261F22E45B35A00E956DA /* # A Hyper-Meta-Reconstruction: Synergizi.sty in Resources */ = {isa = PBXBuildFile; fileRef = 6F5261D72E45B35A00E956DA /* # A Hyper-Meta-Reconstruction: Synergizi.sty */; };
		6F5261F32E45B35A00E956DA /* IMO-2025-notes-evanchen.pdf in Resources */ = {isa = PBXBuildFile; fileRef = 6F5261DA2E45B35A00E956DA /* IMO-2025-notes-evanchen.pdf */; };
		6F5261F42E45B35A00E956DA /* imousa2025EC.pdf in Resources */ = {isa = PBXBuildFile; fileRef = 6F5261DB2E45B35A00E956DA /* imousa2025EC.pdf */; };
		6F5261F52E45B35A00E956DA /* Quick status: I replaced the placeholder.ini in Resources */ = {isa = PBXBuildFile; fileRef = 6F5261DD2E45B35A00E956DA /* Quick status: I replaced the placeholder.ini */; };
		6F5261F62E45B35A00E956DA /* cursor_upcoming_openai_livestream_event.md in Resources */ = {isa = PBXBuildFile; fileRef = 6F5261D92E45B35A00E956DA /* cursor_upcoming_openai_livestream_event.md */; };
		6F5261F82E45B77C00E956DA /* cursor_integration_of_deepmind_material.md in Resources */ = {isa = PBXBuildFile; fileRef = 6F5261F72E45B77C00E956DA /* cursor_integration_of_deepmind_material.md */; };
		6F5261F92E45B77C00E956DA /* cursor_integration_of_deepmind_material.md in Resources */ = {isa = PBXBuildFile; fileRef = 6F5261F72E45B77C00E956DA /* cursor_integration_of_deepmind_material.md */; };
		6F5261FA2E45B77C00E956DA /* cursor_integration_of_deepmind_material.md in Resources */ = {isa = PBXBuildFile; fileRef = 6F5261F72E45B77C00E956DA /* cursor_integration_of_deepmind_material.md */; };
		6F5261FC2E45BA1900E956DA /* tex3.tex in Resources */ = {isa = PBXBuildFile; fileRef = 6F5261FB2E45BA1900E956DA /* tex3.tex */; };
		6F5261FD2E45BA1900E956DA /* tex3.tex in Resources */ = {isa = PBXBuildFile; fileRef = 6F5261FB2E45BA1900E956DA /* tex3.tex */; };
		6F5261FE2E45BA1900E956DA /* tex3.tex in Resources */ = {isa = PBXBuildFile; fileRef = 6F5261FB2E45BA1900E956DA /* tex3.tex */; };
		6F5262002E45BA2E00E956DA /* tex2reflect.txt in Resources */ = {isa = PBXBuildFile; fileRef = 6F5261FF2E45BA2E00E956DA /* tex2reflect.txt */; };
		6F5262012E45BA2E00E956DA /* tex2reflect.txt in Resources */ = {isa = PBXBuildFile; fileRef = 6F5261FF2E45BA2E00E956DA /* tex2reflect.txt */; };
		6F5262022E45BA2E00E956DA /* tex2reflect.txt in Resources */ = {isa = PBXBuildFile; fileRef = 6F5261FF2E45BA2E00E956DA /* tex2reflect.txt */; };
		6F5262082E45BA6000E956DA /* rule2025recalc1.txt in Resources */ = {isa = PBXBuildFile; fileRef = 6F5262072E45BA6000E956DA /* rule2025recalc1.txt */; };
		6F5262092E45BA6000E956DA /* rule2025recalc1.txt in Resources */ = {isa = PBXBuildFile; fileRef = 6F5262072E45BA6000E956DA /* rule2025recalc1.txt */; };
		6F52620A2E45BA6000E956DA /* rule2025recalc1.txt in Resources */ = {isa = PBXBuildFile; fileRef = 6F5262072E45BA6000E956DA /* rule2025recalc1.txt */; };
		6F52620C2E45BA9400E956DA /* integ20242025000.txt in Resources */ = {isa = PBXBuildFile; fileRef = 6F52620B2E45BA9400E956DA /* integ20242025000.txt */; };
		6F52620D2E45BA9400E956DA /* integ20242025000.txt in Resources */ = {isa = PBXBuildFile; fileRef = 6F52620B2E45BA9400E956DA /* integ20242025000.txt */; };
		6F52620E2E45BA9400E956DA /* integ20242025000.txt in Resources */ = {isa = PBXBuildFile; fileRef = 6F52620B2E45BA9400E956DA /* integ20242025000.txt */; };
		6F5262102E45BABE00E956DA /* ufofrulesetreflect1.tex in Resources */ = {isa = PBXBuildFile; fileRef = 6F52620F2E45BABE00E956DA /* ufofrulesetreflect1.tex */; };
		6F5262112E45BABE00E956DA /* ufofrulesetreflect1.tex in Resources */ = {isa = PBXBuildFile; fileRef = 6F52620F2E45BABE00E956DA /* ufofrulesetreflect1.tex */; };
		6F5262122E45BABE00E956DA /* ufofrulesetreflect1.tex in Resources */ = {isa = PBXBuildFile; fileRef = 6F52620F2E45BABE00E956DA /* ufofrulesetreflect1.tex */; };
		6F5262142E45BADC00E956DA /* ufofruleset1.txt in Resources */ = {isa = PBXBuildFile; fileRef = 6F5262132E45BADC00E956DA /* ufofruleset1.txt */; };
		6F5262152E45BADC00E956DA /* ufofruleset1.txt in Resources */ = {isa = PBXBuildFile; fileRef = 6F5262132E45BADC00E956DA /* ufofruleset1.txt */; };
		6F5262162E45BADC00E956DA /* ufofruleset1.txt in Resources */ = {isa = PBXBuildFile; fileRef = 6F5262132E45BADC00E956DA /* ufofruleset1.txt */; };
		6F5262182E45BAF500E956DA /* thoughtsufofrules1.txt in Resources */ = {isa = PBXBuildFile; fileRef = 6F5262172E45BAF500E956DA /* thoughtsufofrules1.txt */; };
		6F5262192E45BAF500E956DA /* thoughtsufofrules1.txt in Resources */ = {isa = PBXBuildFile; fileRef = 6F5262172E45BAF500E956DA /* thoughtsufofrules1.txt */; };
		6F52621A2E45BAF500E956DA /* thoughtsufofrules1.txt in Resources */ = {isa = PBXBuildFile; fileRef = 6F5262172E45BAF500E956DA /* thoughtsufofrules1.txt */; };
		6F52621C2E45BEBF00E956DA /* 3gpt5.tex in Resources */ = {isa = PBXBuildFile; fileRef = 6F52621B2E45BEBF00E956DA /* 3gpt5.tex */; };
		6F52621D2E45BEBF00E956DA /* 3gpt5.tex in Resources */ = {isa = PBXBuildFile; fileRef = 6F52621B2E45BEBF00E956DA /* 3gpt5.tex */; };
		6F52621E2E45BEBF00E956DA /* 3gpt5.tex in Resources */ = {isa = PBXBuildFile; fileRef = 6F52621B2E45BEBF00E956DA /* 3gpt5.tex */; };
/* End PBXBuildFile section */

/* Begin PBXContainerItemProxy section */
		6F5261BA2E45A98500E956DA /* PBXContainerItemProxy */ = {
			isa = PBXContainerItemProxy;
			containerPortal = 6F52619D2E45A98300E956DA /* Project object */;
			proxyType = 1;
			remoteGlobalIDString = 6F5261A42E45A98300E956DA;
			remoteInfo = Farmer;
		};
		6F5261C42E45A98500E956DA /* PBXContainerItemProxy */ = {
			isa = PBXContainerItemProxy;
			containerPortal = 6F52619D2E45A98300E956DA /* Project object */;
			proxyType = 1;
			remoteGlobalIDString = 6F5261A42E45A98300E956DA;
			remoteInfo = Farmer;
		};
/* End PBXContainerItemProxy section */

/* Begin PBXFileReference section */
		6F5261A52E45A98300E956DA /* Farmer.app */ = {isa = PBXFileReference; explicitFileType = wrapper.application; includeInIndex = 0; path = Farmer.app; sourceTree = BUILT_PRODUCTS_DIR; };
		6F5261B92E45A98500E956DA /* FarmerTests.xctest */ = {isa = PBXFileReference; explicitFileType = wrapper.cfbundle; includeInIndex = 0; path = FarmerTests.xctest; sourceTree = BUILT_PRODUCTS_DIR; };
		6F5261C32E45A98500E956DA /* FarmerUITests.xctest */ = {isa = PBXFileReference; explicitFileType = wrapper.cfbundle; includeInIndex = 0; path = FarmerUITests.xctest; sourceTree = BUILT_PRODUCTS_DIR; };
		6F5261D72E45B35A00E956DA /* # A Hyper-Meta-Reconstruction: Synergizi.sty */ = {isa = PBXFileReference; lastKnownFileType = text; path = "# A Hyper-Meta-Reconstruction: Synergizi.sty"; sourceTree = "<group>"; };
		6F5261D82E45B35A00E956DA /* ### Hyper-Meta Ruleset: Synthesizing Use.md */ = {isa = PBXFileReference; lastKnownFileType = net.daringfireball.markdown; path = "### Hyper-Meta Ruleset: Synthesizing Use.md"; sourceTree = "<group>"; };
		6F5261D92E45B35A00E956DA /* cursor_upcoming_openai_livestream_event.md */ = {isa = PBXFileReference; lastKnownFileType = net.daringfireball.markdown; path = cursor_upcoming_openai_livestream_event.md; sourceTree = "<group>"; };
		6F5261DA2E45B35A00E956DA /* IMO-2025-notes-evanchen.pdf */ = {isa = PBXFileReference; lastKnownFileType = image.pdf; path = "IMO-2025-notes-evanchen.pdf"; sourceTree = "<group>"; };
		6F5261DB2E45B35A00E956DA /* imousa2025EC.pdf */ = {isa = PBXFileReference; lastKnownFileType = image.pdf; path = imousa2025EC.pdf; sourceTree = "<group>"; };
		6F5261DC2E45B35A00E956DA /* Quick status: Expanded the ruleset to co */ = {isa = PBXFileReference; lastKnownFileType = text; path = "Quick status: Expanded the ruleset to co"; sourceTree = "<group>"; };
		6F5261DD2E45B35A00E956DA /* Quick status: I replaced the placeholder.ini */ = {isa = PBXFileReference; lastKnownFileType = text; path = "Quick status: I replaced the placeholder.ini"; sourceTree = "<group>"; };
		6F5261DE2E45B35A00E956DA /* Quick status: Plugged in concrete citati */ = {isa = PBXFileReference; lastKnownFileType = text; path = "Quick status: Plugged in concrete citati"; sourceTree = "<group>"; };
		6F5261F72E45B77C00E956DA /* cursor_integration_of_deepmind_material.md */ = {isa = PBXFileReference; lastKnownFileType = net.daringfireball.markdown; path = cursor_integration_of_deepmind_material.md; sourceTree = "<group>"; };
		6F5261FB2E45BA1900E956DA /* tex3.tex */ = {isa = PBXFileReference; lastKnownFileType = text; path = tex3.tex; sourceTree = "<group>"; };
		6F5261FF2E45BA2E00E956DA /* tex2reflect.txt */ = {isa = PBXFileReference; lastKnownFileType = text; path = tex2reflect.txt; sourceTree = "<group>"; };
		6F5262072E45BA6000E956DA /* rule2025recalc1.txt */ = {isa = PBXFileReference; lastKnownFileType = text; path = rule2025recalc1.txt; sourceTree = "<group>"; };
		6F52620B2E45BA9400E956DA /* integ20242025000.txt */ = {isa = PBXFileReference; lastKnownFileType = text; path = integ20242025000.txt; sourceTree = "<group>"; };
		6F52620F2E45BABE00E956DA /* ufofrulesetreflect1.tex */ = {isa = PBXFileReference; lastKnownFileType = text; path = ufofrulesetreflect1.tex; sourceTree = "<group>"; };
		6F5262132E45BADC00E956DA /* ufofruleset1.txt */ = {isa = PBXFileReference; lastKnownFileType = text; path = ufofruleset1.txt; sourceTree = "<group>"; };
		6F5262172E45BAF500E956DA /* thoughtsufofrules1.txt */ = {isa = PBXFileReference; lastKnownFileType = text; path = thoughtsufofrules1.txt; sourceTree = "<group>"; };
		6F52621B2E45BEBF00E956DA /* 3gpt5.tex */ = {isa = PBXFileReference; lastKnownFileType = text; path = 3gpt5.tex; sourceTree = "<group>"; };
/* End PBXFileReference section */

/* Begin PBXFileSystemSynchronizedBuildFileExceptionSet section */
		6F5261CB2E45A98500E956DA /* Exceptions for "Farmer" folder in "Farmer" target */ = {
			isa = PBXFileSystemSynchronizedBuildFileExceptionSet;
			membershipExceptions = (
				Info.plist,
			);
			target = 6F5261A42E45A98300E956DA /* Farmer */;
		};
/* End PBXFileSystemSynchronizedBuildFileExceptionSet section */

/* Begin PBXFileSystemSynchronizedRootGroup section */
		6F5261A72E45A98300E956DA /* Farmer */ = {
			isa = PBXFileSystemSynchronizedRootGroup;
			exceptions = (
				6F5261CB2E45A98500E956DA /* Exceptions for "Farmer" folder in "Farmer" target */,
			);
			path = Farmer;
			sourceTree = "<group>";
		};
		6F5261BC2E45A98500E956DA /* FarmerTests */ = {
			isa = PBXFileSystemSynchronizedRootGroup;
			path = FarmerTests;
			sourceTree = "<group>";
		};
		6F5261C62E45A98500E956DA /* FarmerUITests */ = {
			isa = PBXFileSystemSynchronizedRootGroup;
			path = FarmerUITests;
			sourceTree = "<group>";
		};
/* End PBXFileSystemSynchronizedRootGroup section */

/* Begin PBXFrameworksBuildPhase section */
		6F5261A22E45A98300E956DA /* Frameworks */ = {
			isa = PBXFrameworksBuildPhase;
			buildActionMask = 2147483647;
			files = (
			);
			runOnlyForDeploymentPostprocessing = 0;
		};
		6F5261B62E45A98500E956DA /* Frameworks */ = {
			isa = PBXFrameworksBuildPhase;
			buildActionMask = 2147483647;
			files = (
			);
			runOnlyForDeploymentPostprocessing = 0;
		};
		6F5261C02E45A98500E956DA /* Frameworks */ = {
			isa = PBXFrameworksBuildPhase;
			buildActionMask = 2147483647;
			files = (
			);
			runOnlyForDeploymentPostprocessing = 0;
		};
/* End PBXFrameworksBuildPhase section */

/* Begin PBXGroup section */
		6F52619C2E45A98300E956DA = {
			isa = PBXGroup;
			children = (
				6F5261FB2E45BA1900E956DA /* tex3.tex */,
				6F5261FF2E45BA2E00E956DA /* tex2reflect.txt */,
				6F5262072E45BA6000E956DA /* rule2025recalc1.txt */,
				6F52620B2E45BA9400E956DA /* integ20242025000.txt */,
				6F52620F2E45BABE00E956DA /* ufofrulesetreflect1.tex */,
				6F5262132E45BADC00E956DA /* ufofruleset1.txt */,
				6F5262172E45BAF500E956DA /* thoughtsufofrules1.txt */,
				6F52621B2E45BEBF00E956DA /* 3gpt5.tex */,
				6F5261F72E45B77C00E956DA /* cursor_integration_of_deepmind_material.md */,
				6F5261D72E45B35A00E956DA /* # A Hyper-Meta-Reconstruction: Synergizi.sty */,
				6F5261D82E45B35A00E956DA /* ### Hyper-Meta Ruleset: Synthesizing Use.md */,
				6F5261D92E45B35A00E956DA /* cursor_upcoming_openai_livestream_event.md */,
				6F5261DA2E45B35A00E956DA /* IMO-2025-notes-evanchen.pdf */,
				6F5261DB2E45B35A00E956DA /* imousa2025EC.pdf */,
				6F5261DC2E45B35A00E956DA /* Quick status: Expanded the ruleset to co */,
				6F5261DD2E45B35A00E956DA /* Quick status: I replaced the placeholder.ini */,
				6F5261DE2E45B35A00E956DA /* Quick status: Plugged in concrete citati */,
				6F5261A72E45A98300E956DA /* Farmer */,
				6F5261BC2E45A98500E956DA /* FarmerTests */,
				6F5261C62E45A98500E956DA /* FarmerUITests */,
				6F5261A62E45A98300E956DA /* Products */,
			);
			sourceTree = "<group>";
		};
		6F5261A62E45A98300E956DA /* Products */ = {
			isa = PBXGroup;
			children = (
				6F5261A52E45A98300E956DA /* Farmer.app */,
				6F5261B92E45A98500E956DA /* FarmerTests.xctest */,
				6F5261C32E45A98500E956DA /* FarmerUITests.xctest */,
			);
			name = Products;
			sourceTree = "<group>";
		};
/* End PBXGroup section */

/* Begin PBXNativeTarget section */
		6F5261A42E45A98300E956DA /* Farmer */ = {
			isa = PBXNativeTarget;
			buildConfigurationList = 6F5261CC2E45A98500E956DA /* Build configuration list for PBXNativeTarget "Farmer" */;
			buildPhases = (
				6F5261A12E45A98300E956DA /* Sources */,
				6F5261A22E45A98300E956DA /* Frameworks */,
				6F5261A32E45A98300E956DA /* Resources */,
			);
			buildRules = (
			);
			dependencies = (
			);
			fileSystemSynchronizedGroups = (
				6F5261A72E45A98300E956DA /* Farmer */,
			);
			name = Farmer;
			packageProductDependencies = (
			);
			productName = Farmer;
			productReference = 6F5261A52E45A98300E956DA /* Farmer.app */;
			productType = "com.apple.product-type.application";
		};
		6F5261B82E45A98500E956DA /* FarmerTests */ = {
			isa = PBXNativeTarget;
			buildConfigurationList = 6F5261D12E45A98500E956DA /* Build configuration list for PBXNativeTarget "FarmerTests" */;
			buildPhases = (
				6F5261B52E45A98500E956DA /* Sources */,
				6F5261B62E45A98500E956DA /* Frameworks */,
				6F5261B72E45A98500E956DA /* Resources */,
			);
			buildRules = (
			);
			dependencies = (
				6F5261BB2E45A98500E956DA /* PBXTargetDependency */,
			);
			fileSystemSynchronizedGroups = (
				6F5261BC2E45A98500E956DA /* FarmerTests */,
			);
			name = FarmerTests;
			packageProductDependencies = (
			);
			productName = FarmerTests;
			productReference = 6F5261B92E45A98500E956DA /* FarmerTests.xctest */;
			productType = "com.apple.product-type.bundle.unit-test";
		};
		6F5261C22E45A98500E956DA /* FarmerUITests */ = {
			isa = PBXNativeTarget;
			buildConfigurationList = 6F5261D42E45A98500E956DA /* Build configuration list for PBXNativeTarget "FarmerUITests" */;
			buildPhases = (
				6F5261BF2E45A98500E956DA /* Sources */,
				6F5261C02E45A98500E956DA /* Frameworks */,
				6F5261C12E45A98500E956DA /* Resources */,
			);
			buildRules = (
			);
			dependencies = (
				6F5261C52E45A98500E956DA /* PBXTargetDependency */,
			);
			fileSystemSynchronizedGroups = (
				6F5261C62E45A98500E956DA /* FarmerUITests */,
			);
			name = FarmerUITests;
			packageProductDependencies = (
			);
			productName = FarmerUITests;
			productReference = 6F5261C32E45A98500E956DA /* FarmerUITests.xctest */;
			productType = "com.apple.product-type.bundle.ui-testing";
		};
/* End PBXNativeTarget section */

/* Begin PBXProject section */
		6F52619D2E45A98300E956DA /* Project object */ = {
			isa = PBXProject;
			attributes = {
				BuildIndependentTargetsInParallel = 1;
				LastSwiftUpdateCheck = 1640;
				LastUpgradeCheck = 1640;
				TargetAttributes = {
					6F5261A42E45A98300E956DA = {
						CreatedOnToolsVersion = 16.4;
					};
					6F5261B82E45A98500E956DA = {
						CreatedOnToolsVersion = 16.4;
						TestTargetID = 6F5261A42E45A98300E956DA;
					};
					6F5261C22E45A98500E956DA = {
						CreatedOnToolsVersion = 16.4;
						TestTargetID = 6F5261A42E45A98300E956DA;
					};
				};
			};
			buildConfigurationList = 6F5261A02E45A98300E956DA /* Build configuration list for PBXProject "Farmer" */;
			developmentRegion = en;
			hasScannedForEncodings = 0;
			knownRegions = (
				en,
				Base,
			);
			mainGroup = 6F52619C2E45A98300E956DA;
			minimizedProjectReferenceProxies = 1;
			preferredProjectObjectVersion = 77;
			productRefGroup = 6F5261A62E45A98300E956DA /* Products */;
			projectDirPath = "";
			projectRoot = "";
			targets = (
				6F5261A42E45A98300E956DA /* Farmer */,
				6F5261B82E45A98500E956DA /* FarmerTests */,
				6F5261C22E45A98500E956DA /* FarmerUITests */,
			);
		};
/* End PBXProject section */

/* Begin PBXResourcesBuildPhase section */
		6F5261A32E45A98300E956DA /* Resources */ = {
			isa = PBXResourcesBuildPhase;
			buildActionMask = 2147483647;
			files = (
				6F5261EF2E45B35A00E956DA /* Quick status: Expanded the ruleset to co in Resources */,
				6F5262092E45BA6000E956DA /* rule2025recalc1.txt in Resources */,
				6F5261F02E45B35A00E956DA /* ### Hyper-Meta Ruleset: Synthesizing Use.md in Resources */,
				6F5262022E45BA2E00E956DA /* tex2reflect.txt in Resources */,
				6F5261F12E45B35A00E956DA /* Quick status: Plugged in concrete citati in Resources */,
				6F5262192E45BAF500E956DA /* thoughtsufofrules1.txt in Resources */,
				6F5262122E45BABE00E956DA /* ufofrulesetreflect1.tex in Resources */,
				6F5262162E45BADC00E956DA /* ufofruleset1.txt in Resources */,
				6F5261FA2E45B77C00E956DA /* cursor_integration_of_deepmind_material.md in Resources */,
				6F52620C2E45BA9400E956DA /* integ20242025000.txt in Resources */,
				6F5261F22E45B35A00E956DA /* # A Hyper-Meta-Reconstruction: Synergizi.sty in Resources */,
				6F5261F32E45B35A00E956DA /* IMO-2025-notes-evanchen.pdf in Resources */,
				6F5261F42E45B35A00E956DA /* imousa2025EC.pdf in Resources */,
				6F5261F52E45B35A00E956DA /* Quick status: I replaced the placeholder.ini in Resources */,
				6F52621C2E45BEBF00E956DA /* 3gpt5.tex in Resources */,
				6F5261F62E45B35A00E956DA /* cursor_upcoming_openai_livestream_event.md in Resources */,
				6F5261FC2E45BA1900E956DA /* tex3.tex in Resources */,
			);
			runOnlyForDeploymentPostprocessing = 0;
		};
		6F5261B72E45A98500E956DA /* Resources */ = {
			isa = PBXResourcesBuildPhase;
			buildActionMask = 2147483647;
			files = (
				6F5261FD2E45BA1900E956DA /* tex3.tex in Resources */,
				6F52620D2E45BA9400E956DA /* integ20242025000.txt in Resources */,
				6F5261E72E45B35A00E956DA /* Quick status: Expanded the ruleset to co in Resources */,
				6F5262082E45BA6000E956DA /* rule2025recalc1.txt in Resources */,
				6F5261E82E45B35A00E956DA /* ### Hyper-Meta Ruleset: Synthesizing Use.md in Resources */,
				6F52621E2E45BEBF00E956DA /* 3gpt5.tex in Resources */,
				6F5262142E45BADC00E956DA /* ufofruleset1.txt in Resources */,
				6F52621A2E45BAF500E956DA /* thoughtsufofrules1.txt in Resources */,
				6F5261F82E45B77C00E956DA /* cursor_integration_of_deepmind_material.md in Resources */,
				6F5262102E45BABE00E956DA /* ufofrulesetreflect1.tex in Resources */,
				6F5261E92E45B35A00E956DA /* Quick status: Plugged in concrete citati in Resources */,
				6F5261EA2E45B35A00E956DA /* # A Hyper-Meta-Reconstruction: Synergizi.sty in Resources */,
				6F5261EB2E45B35A00E956DA /* IMO-2025-notes-evanchen.pdf in Resources */,
				6F5261EC2E45B35A00E956DA /* imousa2025EC.pdf in Resources */,
				6F5261ED2E45B35A00E956DA /* Quick status: I replaced the placeholder.ini in Resources */,
				6F5262002E45BA2E00E956DA /* tex2reflect.txt in Resources */,
				6F5261EE2E45B35A00E956DA /* cursor_upcoming_openai_livestream_event.md in Resources */,
			);
			runOnlyForDeploymentPostprocessing = 0;
		};
		6F5261C12E45A98500E956DA /* Resources */ = {
			isa = PBXResourcesBuildPhase;
			buildActionMask = 2147483647;
			files = (
				6F5261FE2E45BA1900E956DA /* tex3.tex in Resources */,
				6F52620E2E45BA9400E956DA /* integ20242025000.txt in Resources */,
				6F5261DF2E45B35A00E956DA /* Quick status: Expanded the ruleset to co in Resources */,
				6F52620A2E45BA6000E956DA /* rule2025recalc1.txt in Resources */,
				6F5261E02E45B35A00E956DA /* ### Hyper-Meta Ruleset: Synthesizing Use.md in Resources */,
				6F52621D2E45BEBF00E956DA /* 3gpt5.tex in Resources */,
				6F5262152E45BADC00E956DA /* ufofruleset1.txt in Resources */,
				6F5262182E45BAF500E956DA /* thoughtsufofrules1.txt in Resources */,
				6F5261F92E45B77C00E956DA /* cursor_integration_of_deepmind_material.md in Resources */,
				6F5262112E45BABE00E956DA /* ufofrulesetreflect1.tex in Resources */,
				6F5261E12E45B35A00E956DA /* Quick status: Plugged in concrete citati in Resources */,
				6F5261E22E45B35A00E956DA /* # A Hyper-Meta-Reconstruction: Synergizi.sty in Resources */,
				6F5261E32E45B35A00E956DA /* IMO-2025-notes-evanchen.pdf in Resources */,
				6F5261E42E45B35A00E956DA /* imousa2025EC.pdf in Resources */,
				6F5261E52E45B35A00E956DA /* Quick status: I replaced the placeholder.ini in Resources */,
				6F5262012E45BA2E00E956DA /* tex2reflect.txt in Resources */,
				6F5261E62E45B35A00E956DA /* cursor_upcoming_openai_livestream_event.md in Resources */,
			);
			runOnlyForDeploymentPostprocessing = 0;
		};
/* End PBXResourcesBuildPhase section */

/* Begin PBXSourcesBuildPhase section */
		6F5261A12E45A98300E956DA /* Sources */ = {
			isa = PBXSourcesBuildPhase;
			buildActionMask = 2147483647;
			files = (
			);
			runOnlyForDeploymentPostprocessing = 0;
		};
		6F5261B52E45A98500E956DA /* Sources */ = {
			isa = PBXSourcesBuildPhase;
			buildActionMask = 2147483647;
			files = (
			);
			runOnlyForDeploymentPostprocessing = 0;
		};
		6F5261BF2E45A98500E956DA /* Sources */ = {
			isa = PBXSourcesBuildPhase;
			buildActionMask = 2147483647;
			files = (
			);
			runOnlyForDeploymentPostprocessing = 0;
		};
/* End PBXSourcesBuildPhase section */

/* Begin PBXTargetDependency section */
		6F5261BB2E45A98500E956DA /* PBXTargetDependency */ = {
			isa = PBXTargetDependency;
			target = 6F5261A42E45A98300E956DA /* Farmer */;
			targetProxy = 6F5261BA2E45A98500E956DA /* PBXContainerItemProxy */;
		};
		6F5261C52E45A98500E956DA /* PBXTargetDependency */ = {
			isa = PBXTargetDependency;
			target = 6F5261A42E45A98300E956DA /* Farmer */;
			targetProxy = 6F5261C42E45A98500E956DA /* PBXContainerItemProxy */;
		};
/* End PBXTargetDependency section */

/* Begin XCBuildConfiguration section */
		6F5261CD2E45A98500E956DA /* Debug */ = {
			isa = XCBuildConfiguration;
			buildSettings = {
				ASSETCATALOG_COMPILER_APPICON_NAME = AppIcon;
				ASSETCATALOG_COMPILER_GLOBAL_ACCENT_COLOR_NAME = AccentColor;
				CODE_SIGN_ENTITLEMENTS = Farmer/Farmer.entitlements;
				CODE_SIGN_STYLE = Automatic;
				CURRENT_PROJECT_VERSION = 1;
				DEVELOPMENT_TEAM = 7HMG9HH9T6;
				ENABLE_HARDENED_RUNTIME = YES;
				ENABLE_PREVIEWS = YES;
				GENERATE_INFOPLIST_FILE = YES;
				INFOPLIST_FILE = Farmer/Info.plist;
				"INFOPLIST_KEY_UIApplicationSceneManifest_Generation[sdk=iphoneos*]" = YES;
				"INFOPLIST_KEY_UIApplicationSceneManifest_Generation[sdk=iphonesimulator*]" = YES;
				"INFOPLIST_KEY_UIApplicationSupportsIndirectInputEvents[sdk=iphoneos*]" = YES;
				"INFOPLIST_KEY_UIApplicationSupportsIndirectInputEvents[sdk=iphonesimulator*]" = YES;
				"INFOPLIST_KEY_UILaunchScreen_Generation[sdk=iphoneos*]" = YES;
				"INFOPLIST_KEY_UILaunchScreen_Generation[sdk=iphonesimulator*]" = YES;
				"INFOPLIST_KEY_UIStatusBarStyle[sdk=iphoneos*]" = UIStatusBarStyleDefault;
				"INFOPLIST_KEY_UIStatusBarStyle[sdk=iphonesimulator*]" = UIStatusBarStyleDefault;
				INFOPLIST_KEY_UISupportedInterfaceOrientations_iPad = "UIInterfaceOrientationPortrait UIInterfaceOrientationPortraitUpsideDown UIInterfaceOrientationLandscapeLeft UIInterfaceOrientationLandscapeRight";
				INFOPLIST_KEY_UISupportedInterfaceOrientations_iPhone = "UIInterfaceOrientationPortrait UIInterfaceOrientationLandscapeLeft UIInterfaceOrientationLandscapeRight";
				IPHONEOS_DEPLOYMENT_TARGET = 18.5;
				LD_RUNPATH_SEARCH_PATHS = "@executable_path/Frameworks";
				"LD_RUNPATH_SEARCH_PATHS[sdk=macosx*]" = "@executable_path/../Frameworks";
				MACOSX_DEPLOYMENT_TARGET = 15.5;
				MARKETING_VERSION = 1.0;
				PRODUCT_BUNDLE_IDENTIFIER = "Jumping-Quail-Solutions.Farmer";
				PRODUCT_NAME = "$(TARGET_NAME)";
				REGISTER_APP_GROUPS = YES;
				SDKROOT = auto;
				SUPPORTED_PLATFORMS = "iphoneos iphonesimulator macosx xros xrsimulator";
				SWIFT_EMIT_LOC_STRINGS = YES;
				SWIFT_VERSION = 5.0;
				TARGETED_DEVICE_FAMILY = "1,2,7";
				XROS_DEPLOYMENT_TARGET = 2.5;
			};
			name = Debug;
		};
		6F5261CE2E45A98500E956DA /* Release */ = {
			isa = XCBuildConfiguration;
			buildSettings = {
				ASSETCATALOG_COMPILER_APPICON_NAME = AppIcon;
				ASSETCATALOG_COMPILER_GLOBAL_ACCENT_COLOR_NAME = AccentColor;
				CODE_SIGN_ENTITLEMENTS = Farmer/Farmer.entitlements;
				CODE_SIGN_STYLE = Automatic;
				CURRENT_PROJECT_VERSION = 1;
				DEVELOPMENT_TEAM = 7HMG9HH9T6;
				ENABLE_HARDENED_RUNTIME = YES;
				ENABLE_PREVIEWS = YES;
				GENERATE_INFOPLIST_FILE = YES;
				INFOPLIST_FILE = Farmer/Info.plist;
				"INFOPLIST_KEY_UIApplicationSceneManifest_Generation[sdk=iphoneos*]" = YES;
				"INFOPLIST_KEY_UIApplicationSceneManifest_Generation[sdk=iphonesimulator*]" = YES;
				"INFOPLIST_KEY_UIApplicationSupportsIndirectInputEvents[sdk=iphoneos*]" = YES;
				"INFOPLIST_KEY_UIApplicationSupportsIndirectInputEvents[sdk=iphonesimulator*]" = YES;
				"INFOPLIST_KEY_UILaunchScreen_Generation[sdk=iphoneos*]" = YES;
				"INFOPLIST_KEY_UILaunchScreen_Generation[sdk=iphonesimulator*]" = YES;
				"INFOPLIST_KEY_UIStatusBarStyle[sdk=iphoneos*]" = UIStatusBarStyleDefault;
				"INFOPLIST_KEY_UIStatusBarStyle[sdk=iphonesimulator*]" = UIStatusBarStyleDefault;
				INFOPLIST_KEY_UISupportedInterfaceOrientations_iPad = "UIInterfaceOrientationPortrait UIInterfaceOrientationPortraitUpsideDown UIInterfaceOrientationLandscapeLeft UIInterfaceOrientationLandscapeRight";
				INFOPLIST_KEY_UISupportedInterfaceOrientations_iPhone = "UIInterfaceOrientationPortrait UIInterfaceOrientationLandscapeLeft UIInterfaceOrientationLandscapeRight";
				IPHONEOS_DEPLOYMENT_TARGET = 18.5;
				LD_RUNPATH_SEARCH_PATHS = "@executable_path/Frameworks";
				"LD_RUNPATH_SEARCH_PATHS[sdk=macosx*]" = "@executable_path/../Frameworks";
				MACOSX_DEPLOYMENT_TARGET = 15.5;
				MARKETING_VERSION = 1.0;
				PRODUCT_BUNDLE_IDENTIFIER = "Jumping-Quail-Solutions.Farmer";
				PRODUCT_NAME = "$(TARGET_NAME)";
				REGISTER_APP_GROUPS = YES;
				SDKROOT = auto;
				SUPPORTED_PLATFORMS = "iphoneos iphonesimulator macosx xros xrsimulator";
				SWIFT_EMIT_LOC_STRINGS = YES;
				SWIFT_VERSION = 5.0;
				TARGETED_DEVICE_FAMILY = "1,2,7";
				XROS_DEPLOYMENT_TARGET = 2.5;
			};
			name = Release;
		};
		6F5261CF2E45A98500E956DA /* Debug */ = {
			isa = XCBuildConfiguration;
			buildSettings = {
				ALWAYS_SEARCH_USER_PATHS = NO;
				ASSETCATALOG_COMPILER_GENERATE_SWIFT_ASSET_SYMBOL_EXTENSIONS = YES;
				CLANG_ANALYZER_NONNULL = YES;
				CLANG_ANALYZER_NUMBER_OBJECT_CONVERSION = YES_AGGRESSIVE;
				CLANG_CXX_LANGUAGE_STANDARD = "gnu++20";
				CLANG_ENABLE_MODULES = YES;
				CLANG_ENABLE_OBJC_ARC = YES;
				CLANG_ENABLE_OBJC_WEAK = YES;
				CLANG_WARN_BLOCK_CAPTURE_AUTORELEASING = YES;
				CLANG_WARN_BOOL_CONVERSION = YES;
				CLANG_WARN_COMMA = YES;
				CLANG_WARN_CONSTANT_CONVERSION = YES;
				CLANG_WARN_DEPRECATED_OBJC_IMPLEMENTATIONS = YES;
				CLANG_WARN_DIRECT_OBJC_ISA_USAGE = YES_ERROR;
				CLANG_WARN_DOCUMENTATION_COMMENTS = YES;
				CLANG_WARN_EMPTY_BODY = YES;
				CLANG_WARN_ENUM_CONVERSION = YES;
				CLANG_WARN_INFINITE_RECURSION = YES;
				CLANG_WARN_INT_CONVERSION = YES;
				CLANG_WARN_NON_LITERAL_NULL_CONVERSION = YES;
				CLANG_WARN_OBJC_IMPLICIT_RETAIN_SELF = YES;
				CLANG_WARN_OBJC_LITERAL_CONVERSION = YES;
				CLANG_WARN_OBJC_ROOT_CLASS = YES_ERROR;
				CLANG_WARN_QUOTED_INCLUDE_IN_FRAMEWORK_HEADER = YES;
				CLANG_WARN_RANGE_LOOP_ANALYSIS = YES;
				CLANG_WARN_STRICT_PROTOTYPES = YES;
				CLANG_WARN_SUSPICIOUS_MOVE = YES;
				CLANG_WARN_UNGUARDED_AVAILABILITY = YES_AGGRESSIVE;
				CLANG_WARN_UNREACHABLE_CODE = YES;
				CLANG_WARN__DUPLICATE_METHOD_MATCH = YES;
				COPY_PHASE_STRIP = NO;
				DEBUG_INFORMATION_FORMAT = dwarf;
				DEVELOPMENT_TEAM = 7HMG9HH9T6;
				ENABLE_STRICT_OBJC_MSGSEND = YES;
				ENABLE_TESTABILITY = YES;
				ENABLE_USER_SCRIPT_SANDBOXING = YES;
				GCC_C_LANGUAGE_STANDARD = gnu17;
				GCC_DYNAMIC_NO_PIC = NO;
				GCC_NO_COMMON_BLOCKS = YES;
				GCC_OPTIMIZATION_LEVEL = 0;
				GCC_PREPROCESSOR_DEFINITIONS = (
					"DEBUG=1",
					"$(inherited)",
				);
				GCC_WARN_64_TO_32_BIT_CONVERSION = YES;
				GCC_WARN_ABOUT_RETURN_TYPE = YES_ERROR;
				GCC_WARN_UNDECLARED_SELECTOR = YES;
				GCC_WARN_UNINITIALIZED_AUTOS = YES_AGGRESSIVE;
				GCC_WARN_UNUSED_FUNCTION = YES;
				GCC_WARN_UNUSED_VARIABLE = YES;
				LOCALIZATION_PREFERS_STRING_CATALOGS = YES;
				MTL_ENABLE_DEBUG_INFO = INCLUDE_SOURCE;
				MTL_FAST_MATH = YES;
				ONLY_ACTIVE_ARCH = YES;
				SWIFT_ACTIVE_COMPILATION_CONDITIONS = "DEBUG $(inherited)";
				SWIFT_OPTIMIZATION_LEVEL = "-Onone";
			};
			name = Debug;
		};
		6F5261D02E45A98500E956DA /* Release */ = {
			isa = XCBuildConfiguration;
			buildSettings = {
				ALWAYS_SEARCH_USER_PATHS = NO;
				ASSETCATALOG_COMPILER_GENERATE_SWIFT_ASSET_SYMBOL_EXTENSIONS = YES;
				CLANG_ANALYZER_NONNULL = YES;
				CLANG_ANALYZER_NUMBER_OBJECT_CONVERSION = YES_AGGRESSIVE;
				CLANG_CXX_LANGUAGE_STANDARD = "gnu++20";
				CLANG_ENABLE_MODULES = YES;
				CLANG_ENABLE_OBJC_ARC = YES;
				CLANG_ENABLE_OBJC_WEAK = YES;
				CLANG_WARN_BLOCK_CAPTURE_AUTORELEASING = YES;
				CLANG_WARN_BOOL_CONVERSION = YES;
				CLANG_WARN_COMMA = YES;
				CLANG_WARN_CONSTANT_CONVERSION = YES;
				CLANG_WARN_DEPRECATED_OBJC_IMPLEMENTATIONS = YES;
				CLANG_WARN_DIRECT_OBJC_ISA_USAGE = YES_ERROR;
				CLANG_WARN_DOCUMENTATION_COMMENTS = YES;
				CLANG_WARN_EMPTY_BODY = YES;
				CLANG_WARN_ENUM_CONVERSION = YES;
				CLANG_WARN_INFINITE_RECURSION = YES;
				CLANG_WARN_INT_CONVERSION = YES;
				CLANG_WARN_NON_LITERAL_NULL_CONVERSION = YES;
				CLANG_WARN_OBJC_IMPLICIT_RETAIN_SELF = YES;
				CLANG_WARN_OBJC_LITERAL_CONVERSION = YES;
				CLANG_WARN_OBJC_ROOT_CLASS = YES_ERROR;
				CLANG_WARN_QUOTED_INCLUDE_IN_FRAMEWORK_HEADER = YES;
				CLANG_WARN_RANGE_LOOP_ANALYSIS = YES;
				CLANG_WARN_STRICT_PROTOTYPES = YES;
				CLANG_WARN_SUSPICIOUS_MOVE = YES;
				CLANG_WARN_UNGUARDED_AVAILABILITY = YES_AGGRESSIVE;
				CLANG_WARN_UNREACHABLE_CODE = YES;
				CLANG_WARN__DUPLICATE_METHOD_MATCH = YES;
				COPY_PHASE_STRIP = NO;
				DEBUG_INFORMATION_FORMAT = "dwarf-with-dsym";
				DEVELOPMENT_TEAM = 7HMG9HH9T6;
				ENABLE_NS_ASSERTIONS = NO;
				ENABLE_STRICT_OBJC_MSGSEND = YES;
				ENABLE_USER_SCRIPT_SANDBOXING = YES;
				GCC_C_LANGUAGE_STANDARD = gnu17;
				GCC_NO_COMMON_BLOCKS = YES;
				GCC_WARN_64_TO_32_BIT_CONVERSION = YES;
				GCC_WARN_ABOUT_RETURN_TYPE = YES_ERROR;
				GCC_WARN_UNDECLARED_SELECTOR = YES;
				GCC_WARN_UNINITIALIZED_AUTOS = YES_AGGRESSIVE;
				GCC_WARN_UNUSED_FUNCTION = YES;
				GCC_WARN_UNUSED_VARIABLE = YES;
				LOCALIZATION_PREFERS_STRING_CATALOGS = YES;
				MTL_ENABLE_DEBUG_INFO = NO;
				MTL_FAST_MATH = YES;
				SWIFT_COMPILATION_MODE = wholemodule;
			};
			name = Release;
		};
		6F5261D22E45A98500E956DA /* Debug */ = {
			isa = XCBuildConfiguration;
			buildSettings = {
				BUNDLE_LOADER = "$(TEST_HOST)";
				CODE_SIGN_STYLE = Automatic;
				CURRENT_PROJECT_VERSION = 1;
				DEVELOPMENT_TEAM = 7HMG9HH9T6;
				GENERATE_INFOPLIST_FILE = YES;
				IPHONEOS_DEPLOYMENT_TARGET = 18.5;
				MACOSX_DEPLOYMENT_TARGET = 15.5;
				MARKETING_VERSION = 1.0;
				PRODUCT_BUNDLE_IDENTIFIER = "Jumping-Quail-Solutions.FarmerTests";
				PRODUCT_NAME = "$(TARGET_NAME)";
				SDKROOT = auto;
				SUPPORTED_PLATFORMS = "iphoneos iphonesimulator macosx xros xrsimulator";
				SWIFT_EMIT_LOC_STRINGS = NO;
				SWIFT_VERSION = 5.0;
				TARGETED_DEVICE_FAMILY = "1,2,7";
				TEST_HOST = "$(BUILT_PRODUCTS_DIR)/Farmer.app/$(BUNDLE_EXECUTABLE_FOLDER_PATH)/Farmer";
				XROS_DEPLOYMENT_TARGET = 2.5;
			};
			name = Debug;
		};
		6F5261D32E45A98500E956DA /* Release */ = {
			isa = XCBuildConfiguration;
			buildSettings = {
				BUNDLE_LOADER = "$(TEST_HOST)";
				CODE_SIGN_STYLE = Automatic;
				CURRENT_PROJECT_VERSION = 1;
				DEVELOPMENT_TEAM = 7HMG9HH9T6;
				GENERATE_INFOPLIST_FILE = YES;
				IPHONEOS_DEPLOYMENT_TARGET = 18.5;
				MACOSX_DEPLOYMENT_TARGET = 15.5;
				MARKETING_VERSION = 1.0;
				PRODUCT_BUNDLE_IDENTIFIER = "Jumping-Quail-Solutions.FarmerTests";
				PRODUCT_NAME = "$(TARGET_NAME)";
				SDKROOT = auto;
				SUPPORTED_PLATFORMS = "iphoneos iphonesimulator macosx xros xrsimulator";
				SWIFT_EMIT_LOC_STRINGS = NO;
				SWIFT_VERSION = 5.0;
				TARGETED_DEVICE_FAMILY = "1,2,7";
				TEST_HOST = "$(BUILT_PRODUCTS_DIR)/Farmer.app/$(BUNDLE_EXECUTABLE_FOLDER_PATH)/Farmer";
				XROS_DEPLOYMENT_TARGET = 2.5;
			};
			name = Release;
		};
		6F5261D52E45A98500E956DA /* Debug */ = {
			isa = XCBuildConfiguration;
			buildSettings = {
				CODE_SIGN_STYLE = Automatic;
				CURRENT_PROJECT_VERSION = 1;
				DEVELOPMENT_TEAM = 7HMG9HH9T6;
				GENERATE_INFOPLIST_FILE = YES;
				IPHONEOS_DEPLOYMENT_TARGET = 18.5;
				MACOSX_DEPLOYMENT_TARGET = 15.5;
				MARKETING_VERSION = 1.0;
				PRODUCT_BUNDLE_IDENTIFIER = "Jumping-Quail-Solutions.FarmerUITests";
				PRODUCT_NAME = "$(TARGET_NAME)";
				SDKROOT = auto;
				SUPPORTED_PLATFORMS = "iphoneos iphonesimulator macosx xros xrsimulator";
				SWIFT_EMIT_LOC_STRINGS = NO;
				SWIFT_VERSION = 5.0;
				TARGETED_DEVICE_FAMILY = "1,2,7";
				TEST_TARGET_NAME = Farmer;
				XROS_DEPLOYMENT_TARGET = 2.5;
			};
			name = Debug;
		};
		6F5261D62E45A98500E956DA /* Release */ = {
			isa = XCBuildConfiguration;
			buildSettings = {
				CODE_SIGN_STYLE = Automatic;
				CURRENT_PROJECT_VERSION = 1;
				DEVELOPMENT_TEAM = 7HMG9HH9T6;
				GENERATE_INFOPLIST_FILE = YES;
				IPHONEOS_DEPLOYMENT_TARGET = 18.5;
				MACOSX_DEPLOYMENT_TARGET = 15.5;
				MARKETING_VERSION = 1.0;
				PRODUCT_BUNDLE_IDENTIFIER = "Jumping-Quail-Solutions.FarmerUITests";
				PRODUCT_NAME = "$(TARGET_NAME)";
				SDKROOT = auto;
				SUPPORTED_PLATFORMS = "iphoneos iphonesimulator macosx xros xrsimulator";
				SWIFT_EMIT_LOC_STRINGS = NO;
				SWIFT_VERSION = 5.0;
				TARGETED_DEVICE_FAMILY = "1,2,7";
				TEST_TARGET_NAME = Farmer;
				XROS_DEPLOYMENT_TARGET = 2.5;
			};
			name = Release;
		};
/* End XCBuildConfiguration section */

/* Begin XCConfigurationList section */
		6F5261A02E45A98300E956DA /* Build configuration list for PBXProject "Farmer" */ = {
			isa = XCConfigurationList;
			buildConfigurations = (
				6F5261CF2E45A98500E956DA /* Debug */,
				6F5261D02E45A98500E956DA /* Release */,
			);
			defaultConfigurationIsVisible = 0;
			defaultConfigurationName = Release;
		};
		6F5261CC2E45A98500E956DA /* Build configuration list for PBXNativeTarget "Farmer" */ = {
			isa = XCConfigurationList;
			buildConfigurations = (
				6F5261CD2E45A98500E956DA /* Debug */,
				6F5261CE2E45A98500E956DA /* Release */,
			);
			defaultConfigurationIsVisible = 0;
			defaultConfigurationName = Release;
		};
		6F5261D12E45A98500E956DA /* Build configuration list for PBXNativeTarget "FarmerTests" */ = {
			isa = XCConfigurationList;
			buildConfigurations = (
				6F5261D22E45A98500E956DA /* Debug */,
				6F5261D32E45A98500E956DA /* Release */,
			);
			defaultConfigurationIsVisible = 0;
			defaultConfigurationName = Release;
		};
		6F5261D42E45A98500E956DA /* Build configuration list for PBXNativeTarget "FarmerUITests" */ = {
			isa = XCConfigurationList;
			buildConfigurations = (
				6F5261D52E45A98500E956DA /* Debug */,
				6F5261D62E45A98500E956DA /* Release */,
			);
			defaultConfigurationIsVisible = 0;
			defaultConfigurationName = Release;
		};
/* End XCConfigurationList section */
	};
	rootObject = 6F52619D2E45A98300E956DA /* Project object */;
}
